// !$*UTF8*$!
{
	archiveVersion = 1;
	classes = {
	};
	objectVersion = 48;
	objects = {

/* Begin PBXBuildFile section */
		02577C9E3E7D30923A228423 /* Pods_NewsAppPrototypeUITests.framework in Frameworks */ = {isa = PBXBuildFile; fileRef = D48D9309F8BBB8F3BC0774BA /* Pods_NewsAppPrototypeUITests.framework */; };
		18098536204F07E000D78FA5 /* AppDelegate.swift in Sources */ = {isa = PBXBuildFile; fileRef = 18098535204F07E000D78FA5 /* AppDelegate.swift */; };
		18098538204F07E000D78FA5 /* LogInController.swift in Sources */ = {isa = PBXBuildFile; fileRef = 18098537204F07E000D78FA5 /* LogInController.swift */; };
		1809853B204F07E000D78FA5 /* Main.storyboard in Resources */ = {isa = PBXBuildFile; fileRef = 18098539204F07E000D78FA5 /* Main.storyboard */; };
		1809853D204F07E000D78FA5 /* Assets.xcassets in Resources */ = {isa = PBXBuildFile; fileRef = 1809853C204F07E000D78FA5 /* Assets.xcassets */; };
		18098540204F07E000D78FA5 /* LaunchScreen.storyboard in Resources */ = {isa = PBXBuildFile; fileRef = 1809853E204F07E000D78FA5 /* LaunchScreen.storyboard */; };
		1809854B204F07E000D78FA5 /* NewsAppPrototypeTests.swift in Sources */ = {isa = PBXBuildFile; fileRef = 1809854A204F07E000D78FA5 /* NewsAppPrototypeTests.swift */; };
		18098556204F07E100D78FA5 /* NewsAppPrototypeUITests.swift in Sources */ = {isa = PBXBuildFile; fileRef = 18098555204F07E100D78FA5 /* NewsAppPrototypeUITests.swift */; };
		18737F0C20552A0F009DBA88 /* DisplayNewsViewController.swift in Sources */ = {isa = PBXBuildFile; fileRef = 18737F0B20552A0F009DBA88 /* DisplayNewsViewController.swift */; };
		1897EA462053D32E00B7C826 /* GoogleService-Info.plist in Resources */ = {isa = PBXBuildFile; fileRef = 1897EA452053D32E00B7C826 /* GoogleService-Info.plist */; };
		1897EA482053F3B200B7C826 /* sportsTableViewController.swift in Sources */ = {isa = PBXBuildFile; fileRef = 1897EA472053F3B200B7C826 /* sportsTableViewController.swift */; };
		1897EA4A2053FF1B00B7C826 /* EntertainmentTableViewController.swift in Sources */ = {isa = PBXBuildFile; fileRef = 1897EA492053FF1B00B7C826 /* EntertainmentTableViewController.swift */; };
		7890D9036F3CB70DAC083999 /* Pods_NewsAppPrototype.framework in Frameworks */ = {isa = PBXBuildFile; fileRef = 29989D7DFA97C5C8818C5707 /* Pods_NewsAppPrototype.framework */; };
		F107EF436A3D1B719623D558 /* Pods_NewsAppPrototypeTests.framework in Frameworks */ = {isa = PBXBuildFile; fileRef = 2E752CB0272E956746AA45BF /* Pods_NewsAppPrototypeTests.framework */; };
/* End PBXBuildFile section */

/* Begin PBXContainerItemProxy section */
		18098547204F07E000D78FA5 /* PBXContainerItemProxy */ = {
			isa = PBXContainerItemProxy;
			containerPortal = 1809852A204F07E000D78FA5 /* Project object */;
			proxyType = 1;
			remoteGlobalIDString = 18098531204F07E000D78FA5;
			remoteInfo = NewsAppPrototype;
		};
		18098552204F07E000D78FA5 /* PBXContainerItemProxy */ = {
			isa = PBXContainerItemProxy;
			containerPortal = 1809852A204F07E000D78FA5 /* Project object */;
			proxyType = 1;
			remoteGlobalIDString = 18098531204F07E000D78FA5;
			remoteInfo = NewsAppPrototype;
		};
/* End PBXContainerItemProxy section */

/* Begin PBXFileReference section */
		039CBA5A098E98D49E45164C /* Pods-NewsAppPrototype.debug.xcconfig */ = {isa = PBXFileReference; includeInIndex = 1; lastKnownFileType = text.xcconfig; name = "Pods-NewsAppPrototype.debug.xcconfig"; path = "Pods/Target Support Files/Pods-NewsAppPrototype/Pods-NewsAppPrototype.debug.xcconfig"; sourceTree = "<group>"; };
		18098532204F07E000D78FA5 /* NewsAppPrototype.app */ = {isa = PBXFileReference; explicitFileType = wrapper.application; includeInIndex = 0; path = NewsAppPrototype.app; sourceTree = BUILT_PRODUCTS_DIR; };
		18098535204F07E000D78FA5 /* AppDelegate.swift */ = {isa = PBXFileReference; lastKnownFileType = sourcecode.swift; path = AppDelegate.swift; sourceTree = "<group>"; };
		18098537204F07E000D78FA5 /* LogInController.swift */ = {isa = PBXFileReference; lastKnownFileType = sourcecode.swift; path = LogInController.swift; sourceTree = "<group>"; };
		1809853A204F07E000D78FA5 /* Base */ = {isa = PBXFileReference; lastKnownFileType = file.storyboard; name = Base; path = Base.lproj/Main.storyboard; sourceTree = "<group>"; };
		1809853C204F07E000D78FA5 /* Assets.xcassets */ = {isa = PBXFileReference; lastKnownFileType = folder.assetcatalog; path = Assets.xcassets; sourceTree = "<group>"; };
		1809853F204F07E000D78FA5 /* Base */ = {isa = PBXFileReference; lastKnownFileType = file.storyboard; name = Base; path = Base.lproj/LaunchScreen.storyboard; sourceTree = "<group>"; };
		18098541204F07E000D78FA5 /* Info.plist */ = {isa = PBXFileReference; lastKnownFileType = text.plist.xml; path = Info.plist; sourceTree = "<group>"; };
		18098546204F07E000D78FA5 /* NewsAppPrototypeTests.xctest */ = {isa = PBXFileReference; explicitFileType = wrapper.cfbundle; includeInIndex = 0; path = NewsAppPrototypeTests.xctest; sourceTree = BUILT_PRODUCTS_DIR; };
		1809854A204F07E000D78FA5 /* NewsAppPrototypeTests.swift */ = {isa = PBXFileReference; lastKnownFileType = sourcecode.swift; path = NewsAppPrototypeTests.swift; sourceTree = "<group>"; };
		1809854C204F07E000D78FA5 /* Info.plist */ = {isa = PBXFileReference; lastKnownFileType = text.plist.xml; path = Info.plist; sourceTree = "<group>"; };
		18098551204F07E000D78FA5 /* NewsAppPrototypeUITests.xctest */ = {isa = PBXFileReference; explicitFileType = wrapper.cfbundle; includeInIndex = 0; path = NewsAppPrototypeUITests.xctest; sourceTree = BUILT_PRODUCTS_DIR; };
		18098555204F07E100D78FA5 /* NewsAppPrototypeUITests.swift */ = {isa = PBXFileReference; lastKnownFileType = sourcecode.swift; path = NewsAppPrototypeUITests.swift; sourceTree = "<group>"; };
		18098557204F07E100D78FA5 /* Info.plist */ = {isa = PBXFileReference; lastKnownFileType = text.plist.xml; path = Info.plist; sourceTree = "<group>"; };
		18737F0B20552A0F009DBA88 /* DisplayNewsViewController.swift */ = {isa = PBXFileReference; lastKnownFileType = sourcecode.swift; path = DisplayNewsViewController.swift; sourceTree = "<group>"; };
		1897EA452053D32E00B7C826 /* GoogleService-Info.plist */ = {isa = PBXFileReference; fileEncoding = 4; lastKnownFileType = text.plist.xml; path = "GoogleService-Info.plist"; sourceTree = "<group>"; };
		1897EA472053F3B200B7C826 /* sportsTableViewController.swift */ = {isa = PBXFileReference; lastKnownFileType = sourcecode.swift; path = sportsTableViewController.swift; sourceTree = "<group>"; };
		1897EA492053FF1B00B7C826 /* EntertainmentTableViewController.swift */ = {isa = PBXFileReference; lastKnownFileType = sourcecode.swift; path = EntertainmentTableViewController.swift; sourceTree = "<group>"; };
		29989D7DFA97C5C8818C5707 /* Pods_NewsAppPrototype.framework */ = {isa = PBXFileReference; explicitFileType = wrapper.framework; includeInIndex = 0; path = Pods_NewsAppPrototype.framework; sourceTree = BUILT_PRODUCTS_DIR; };
		2E752CB0272E956746AA45BF /* Pods_NewsAppPrototypeTests.framework */ = {isa = PBXFileReference; explicitFileType = wrapper.framework; includeInIndex = 0; path = Pods_NewsAppPrototypeTests.framework; sourceTree = BUILT_PRODUCTS_DIR; };
		4D2CA3E65FD9FE989F1B5698 /* Pods-NewsAppPrototypeTests.release.xcconfig */ = {isa = PBXFileReference; includeInIndex = 1; lastKnownFileType = text.xcconfig; name = "Pods-NewsAppPrototypeTests.release.xcconfig"; path = "Pods/Target Support Files/Pods-NewsAppPrototypeTests/Pods-NewsAppPrototypeTests.release.xcconfig"; sourceTree = "<group>"; };
		7968DC92A45057A0CC27ADFB /* Pods-NewsAppPrototype.release.xcconfig */ = {isa = PBXFileReference; includeInIndex = 1; lastKnownFileType = text.xcconfig; name = "Pods-NewsAppPrototype.release.xcconfig"; path = "Pods/Target Support Files/Pods-NewsAppPrototype/Pods-NewsAppPrototype.release.xcconfig"; sourceTree = "<group>"; };
		8CA59CA215C1CF7931C029F4 /* Pods-NewsAppPrototypeTests.debug.xcconfig */ = {isa = PBXFileReference; includeInIndex = 1; lastKnownFileType = text.xcconfig; name = "Pods-NewsAppPrototypeTests.debug.xcconfig"; path = "Pods/Target Support Files/Pods-NewsAppPrototypeTests/Pods-NewsAppPrototypeTests.debug.xcconfig"; sourceTree = "<group>"; };
		CD7D11C4A8CFF1A8B29CD387 /* Pods-NewsAppPrototypeUITests.release.xcconfig */ = {isa = PBXFileReference; includeInIndex = 1; lastKnownFileType = text.xcconfig; name = "Pods-NewsAppPrototypeUITests.release.xcconfig"; path = "Pods/Target Support Files/Pods-NewsAppPrototypeUITests/Pods-NewsAppPrototypeUITests.release.xcconfig"; sourceTree = "<group>"; };
		D48D9309F8BBB8F3BC0774BA /* Pods_NewsAppPrototypeUITests.framework */ = {isa = PBXFileReference; explicitFileType = wrapper.framework; includeInIndex = 0; path = Pods_NewsAppPrototypeUITests.framework; sourceTree = BUILT_PRODUCTS_DIR; };
		F3E534FA562B756A2FBB1057 /* Pods-NewsAppPrototypeUITests.debug.xcconfig */ = {isa = PBXFileReference; includeInIndex = 1; lastKnownFileType = text.xcconfig; name = "Pods-NewsAppPrototypeUITests.debug.xcconfig"; path = "Pods/Target Support Files/Pods-NewsAppPrototypeUITests/Pods-NewsAppPrototypeUITests.debug.xcconfig"; sourceTree = "<group>"; };
/* End PBXFileReference section */

/* Begin PBXFrameworksBuildPhase section */
		1809852F204F07E000D78FA5 /* Frameworks */ = {
			isa = PBXFrameworksBuildPhase;
			buildActionMask = 2147483647;
			files = (
				7890D9036F3CB70DAC083999 /* Pods_NewsAppPrototype.framework in Frameworks */,
			);
			runOnlyForDeploymentPostprocessing = 0;
		};
		18098543204F07E000D78FA5 /* Frameworks */ = {
			isa = PBXFrameworksBuildPhase;
			buildActionMask = 2147483647;
			files = (
				F107EF436A3D1B719623D558 /* Pods_NewsAppPrototypeTests.framework in Frameworks */,
			);
			runOnlyForDeploymentPostprocessing = 0;
		};
		1809854E204F07E000D78FA5 /* Frameworks */ = {
			isa = PBXFrameworksBuildPhase;
			buildActionMask = 2147483647;
			files = (
				02577C9E3E7D30923A228423 /* Pods_NewsAppPrototypeUITests.framework in Frameworks */,
			);
			runOnlyForDeploymentPostprocessing = 0;
		};
/* End PBXFrameworksBuildPhase section */

/* Begin PBXGroup section */
		18098529204F07E000D78FA5 = {
			isa = PBXGroup;
			children = (
				18098534204F07E000D78FA5 /* NewsAppPrototype */,
				18098549204F07E000D78FA5 /* NewsAppPrototypeTests */,
				18098554204F07E100D78FA5 /* NewsAppPrototypeUITests */,
				18098533204F07E000D78FA5 /* Products */,
				CCBF31FB7B0A1B08580201D3 /* Pods */,
				E02C74A06A530D026186AEA2 /* Frameworks */,
			);
			sourceTree = "<group>";
		};
		18098533204F07E000D78FA5 /* Products */ = {
			isa = PBXGroup;
			children = (
				18098532204F07E000D78FA5 /* NewsAppPrototype.app */,
				18098546204F07E000D78FA5 /* NewsAppPrototypeTests.xctest */,
				18098551204F07E000D78FA5 /* NewsAppPrototypeUITests.xctest */,
			);
			name = Products;
			sourceTree = "<group>";
		};
		18098534204F07E000D78FA5 /* NewsAppPrototype */ = {
			isa = PBXGroup;
			children = (
				18098535204F07E000D78FA5 /* AppDelegate.swift */,
				18098537204F07E000D78FA5 /* LogInController.swift */,
				18098539204F07E000D78FA5 /* Main.storyboard */,
				1809853C204F07E000D78FA5 /* Assets.xcassets */,
				1809853E204F07E000D78FA5 /* LaunchScreen.storyboard */,
				18098541204F07E000D78FA5 /* Info.plist */,
				1897EA452053D32E00B7C826 /* GoogleService-Info.plist */,
				1897EA472053F3B200B7C826 /* sportsTableViewController.swift */,
				1897EA492053FF1B00B7C826 /* EntertainmentTableViewController.swift */,
				18737F0B20552A0F009DBA88 /* DisplayNewsViewController.swift */,
			);
			path = NewsAppPrototype;
			sourceTree = "<group>";
		};
		18098549204F07E000D78FA5 /* NewsAppPrototypeTests */ = {
			isa = PBXGroup;
			children = (
				1809854A204F07E000D78FA5 /* NewsAppPrototypeTests.swift */,
				1809854C204F07E000D78FA5 /* Info.plist */,
			);
			path = NewsAppPrototypeTests;
			sourceTree = "<group>";
		};
		18098554204F07E100D78FA5 /* NewsAppPrototypeUITests */ = {
			isa = PBXGroup;
			children = (
				18098555204F07E100D78FA5 /* NewsAppPrototypeUITests.swift */,
				18098557204F07E100D78FA5 /* Info.plist */,
			);
			path = NewsAppPrototypeUITests;
			sourceTree = "<group>";
		};
		CCBF31FB7B0A1B08580201D3 /* Pods */ = {
			isa = PBXGroup;
			children = (
				039CBA5A098E98D49E45164C /* Pods-NewsAppPrototype.debug.xcconfig */,
				7968DC92A45057A0CC27ADFB /* Pods-NewsAppPrototype.release.xcconfig */,
				8CA59CA215C1CF7931C029F4 /* Pods-NewsAppPrototypeTests.debug.xcconfig */,
				4D2CA3E65FD9FE989F1B5698 /* Pods-NewsAppPrototypeTests.release.xcconfig */,
				F3E534FA562B756A2FBB1057 /* Pods-NewsAppPrototypeUITests.debug.xcconfig */,
				CD7D11C4A8CFF1A8B29CD387 /* Pods-NewsAppPrototypeUITests.release.xcconfig */,
			);
			name = Pods;
			sourceTree = "<group>";
		};
		E02C74A06A530D026186AEA2 /* Frameworks */ = {
			isa = PBXGroup;
			children = (
				29989D7DFA97C5C8818C5707 /* Pods_NewsAppPrototype.framework */,
				2E752CB0272E956746AA45BF /* Pods_NewsAppPrototypeTests.framework */,
				D48D9309F8BBB8F3BC0774BA /* Pods_NewsAppPrototypeUITests.framework */,
			);
			name = Frameworks;
			sourceTree = "<group>";
		};
/* End PBXGroup section */

/* Begin PBXNativeTarget section */
		18098531204F07E000D78FA5 /* NewsAppPrototype */ = {
			isa = PBXNativeTarget;
			buildConfigurationList = 1809855A204F07E100D78FA5 /* Build configuration list for PBXNativeTarget "NewsAppPrototype" */;
			buildPhases = (
				20E81D402549068EB96E52D3 /* [CP] Check Pods Manifest.lock */,
				1809852E204F07E000D78FA5 /* Sources */,
				1809852F204F07E000D78FA5 /* Frameworks */,
				18098530204F07E000D78FA5 /* Resources */,
				22DF9B1712536F6B826B7A31 /* [CP] Embed Pods Frameworks */,
				E2CC82DE53DB41C494AC70D9 /* [CP] Copy Pods Resources */,
			);
			buildRules = (
			);
			dependencies = (
			);
			name = NewsAppPrototype;
			productName = NewsAppPrototype;
			productReference = 18098532204F07E000D78FA5 /* NewsAppPrototype.app */;
			productType = "com.apple.product-type.application";
		};
		18098545204F07E000D78FA5 /* NewsAppPrototypeTests */ = {
			isa = PBXNativeTarget;
			buildConfigurationList = 1809855D204F07E100D78FA5 /* Build configuration list for PBXNativeTarget "NewsAppPrototypeTests" */;
			buildPhases = (
				554E1408BEEC0A5F46E944C9 /* [CP] Check Pods Manifest.lock */,
				18098542204F07E000D78FA5 /* Sources */,
				18098543204F07E000D78FA5 /* Frameworks */,
				18098544204F07E000D78FA5 /* Resources */,
				28D4D9C532851DCEDB4BD183 /* [CP] Embed Pods Frameworks */,
				E23E111F161C2E6B7348C4AD /* [CP] Copy Pods Resources */,
			);
			buildRules = (
			);
			dependencies = (
				18098548204F07E000D78FA5 /* PBXTargetDependency */,
			);
			name = NewsAppPrototypeTests;
			productName = NewsAppPrototypeTests;
			productReference = 18098546204F07E000D78FA5 /* NewsAppPrototypeTests.xctest */;
			productType = "com.apple.product-type.bundle.unit-test";
		};
		18098550204F07E000D78FA5 /* NewsAppPrototypeUITests */ = {
			isa = PBXNativeTarget;
			buildConfigurationList = 18098560204F07E100D78FA5 /* Build configuration list for PBXNativeTarget "NewsAppPrototypeUITests" */;
			buildPhases = (
				E2F9C3F35ACCA16484FF0210 /* [CP] Check Pods Manifest.lock */,
				1809854D204F07E000D78FA5 /* Sources */,
				1809854E204F07E000D78FA5 /* Frameworks */,
				1809854F204F07E000D78FA5 /* Resources */,
				0E7A7A16D9F67CD3C0564313 /* [CP] Embed Pods Frameworks */,
				6B06B442E3A74AFAC9F6DE8B /* [CP] Copy Pods Resources */,
			);
			buildRules = (
			);
			dependencies = (
				18098553204F07E000D78FA5 /* PBXTargetDependency */,
			);
			name = NewsAppPrototypeUITests;
			productName = NewsAppPrototypeUITests;
			productReference = 18098551204F07E000D78FA5 /* NewsAppPrototypeUITests.xctest */;
			productType = "com.apple.product-type.bundle.ui-testing";
		};
/* End PBXNativeTarget section */

/* Begin PBXProject section */
		1809852A204F07E000D78FA5 /* Project object */ = {
			isa = PBXProject;
			attributes = {
				LastSwiftUpdateCheck = 0920;
				LastUpgradeCheck = 0920;
				ORGANIZATIONNAME = Sonkar;
				TargetAttributes = {
					18098531204F07E000D78FA5 = {
						CreatedOnToolsVersion = 9.2;
						ProvisioningStyle = Automatic;
					};
					18098545204F07E000D78FA5 = {
						CreatedOnToolsVersion = 9.2;
						ProvisioningStyle = Automatic;
						TestTargetID = 18098531204F07E000D78FA5;
					};
					18098550204F07E000D78FA5 = {
						CreatedOnToolsVersion = 9.2;
						ProvisioningStyle = Automatic;
						TestTargetID = 18098531204F07E000D78FA5;
					};
				};
			};
			buildConfigurationList = 1809852D204F07E000D78FA5 /* Build configuration list for PBXProject "NewsAppPrototype" */;
			compatibilityVersion = "Xcode 8.0";
			developmentRegion = en;
			hasScannedForEncodings = 0;
			knownRegions = (
				en,
				Base,
			);
			mainGroup = 18098529204F07E000D78FA5;
			productRefGroup = 18098533204F07E000D78FA5 /* Products */;
			projectDirPath = "";
			projectRoot = "";
			targets = (
				18098531204F07E000D78FA5 /* NewsAppPrototype */,
				18098545204F07E000D78FA5 /* NewsAppPrototypeTests */,
				18098550204F07E000D78FA5 /* NewsAppPrototypeUITests */,
			);
		};
/* End PBXProject section */

/* Begin PBXResourcesBuildPhase section */
		18098530204F07E000D78FA5 /* Resources */ = {
			isa = PBXResourcesBuildPhase;
			buildActionMask = 2147483647;
			files = (
				1897EA462053D32E00B7C826 /* GoogleService-Info.plist in Resources */,
				18098540204F07E000D78FA5 /* LaunchScreen.storyboard in Resources */,
				1809853D204F07E000D78FA5 /* Assets.xcassets in Resources */,
				1809853B204F07E000D78FA5 /* Main.storyboard in Resources */,
			);
			runOnlyForDeploymentPostprocessing = 0;
		};
		18098544204F07E000D78FA5 /* Resources */ = {
			isa = PBXResourcesBuildPhase;
			buildActionMask = 2147483647;
			files = (
			);
			runOnlyForDeploymentPostprocessing = 0;
		};
		1809854F204F07E000D78FA5 /* Resources */ = {
			isa = PBXResourcesBuildPhase;
			buildActionMask = 2147483647;
			files = (
			);
			runOnlyForDeploymentPostprocessing = 0;
		};
/* End PBXResourcesBuildPhase section */

/* Begin PBXShellScriptBuildPhase section */
		0E7A7A16D9F67CD3C0564313 /* [CP] Embed Pods Frameworks */ = {
			isa = PBXShellScriptBuildPhase;
			buildActionMask = 2147483647;
			files = (
			);
			inputPaths = (
			);
			name = "[CP] Embed Pods Frameworks";
			outputPaths = (
			);
			runOnlyForDeploymentPostprocessing = 0;
			shellPath = /bin/sh;
			shellScript = "\"${SRCROOT}/Pods/Target Support Files/Pods-NewsAppPrototypeUITests/Pods-NewsAppPrototypeUITests-frameworks.sh\"\n";
			showEnvVarsInLog = 0;
		};
		20E81D402549068EB96E52D3 /* [CP] Check Pods Manifest.lock */ = {
			isa = PBXShellScriptBuildPhase;
			buildActionMask = 2147483647;
			files = (
			);
			inputPaths = (
				"${PODS_PODFILE_DIR_PATH}/Podfile.lock",
				"${PODS_ROOT}/Manifest.lock",
			);
			name = "[CP] Check Pods Manifest.lock";
			outputPaths = (
				"$(DERIVED_FILE_DIR)/Pods-NewsAppPrototype-checkManifestLockResult.txt",
			);
			runOnlyForDeploymentPostprocessing = 0;
			shellPath = /bin/sh;
			shellScript = "diff \"${PODS_PODFILE_DIR_PATH}/Podfile.lock\" \"${PODS_ROOT}/Manifest.lock\" > /dev/null\nif [ $? != 0 ] ; then\n    # print error to STDERR\n    echo \"error: The sandbox is not in sync with the Podfile.lock. Run 'pod install' or update your CocoaPods installation.\" >&2\n    exit 1\nfi\n# This output is used by Xcode 'outputs' to avoid re-running this script phase.\necho \"SUCCESS\" > \"${SCRIPT_OUTPUT_FILE_0}\"\n";
			showEnvVarsInLog = 0;
		};
		22DF9B1712536F6B826B7A31 /* [CP] Embed Pods Frameworks */ = {
			isa = PBXShellScriptBuildPhase;
			buildActionMask = 2147483647;
			files = (
			);
			inputPaths = (
				"${SRCROOT}/Pods/Target Support Files/Pods-NewsAppPrototype/Pods-NewsAppPrototype-frameworks.sh",
				"${BUILT_PRODUCTS_DIR}/GTMSessionFetcher/GTMSessionFetcher.framework",
				"${BUILT_PRODUCTS_DIR}/GoogleToolboxForMac/GoogleToolboxForMac.framework",
				"${BUILT_PRODUCTS_DIR}/SDWebImage/SDWebImage.framework",
				"${BUILT_PRODUCTS_DIR}/leveldb-library/leveldb.framework",
				"${BUILT_PRODUCTS_DIR}/nanopb/nanopb.framework",
			);
			name = "[CP] Embed Pods Frameworks";
			outputPaths = (
				"${TARGET_BUILD_DIR}/${FRAMEWORKS_FOLDER_PATH}/GTMSessionFetcher.framework",
				"${TARGET_BUILD_DIR}/${FRAMEWORKS_FOLDER_PATH}/GoogleToolboxForMac.framework",
				"${TARGET_BUILD_DIR}/${FRAMEWORKS_FOLDER_PATH}/SDWebImage.framework",
				"${TARGET_BUILD_DIR}/${FRAMEWORKS_FOLDER_PATH}/leveldb.framework",
				"${TARGET_BUILD_DIR}/${FRAMEWORKS_FOLDER_PATH}/nanopb.framework",
			);
			runOnlyForDeploymentPostprocessing = 0;
			shellPath = /bin/sh;
			shellScript = "\"${SRCROOT}/Pods/Target Support Files/Pods-NewsAppPrototype/Pods-NewsAppPrototype-frameworks.sh\"\n";
			showEnvVarsInLog = 0;
		};
		28D4D9C532851DCEDB4BD183 /* [CP] Embed Pods Frameworks */ = {
			isa = PBXShellScriptBuildPhase;
			buildActionMask = 2147483647;
			files = (
			);
			inputPaths = (
			);
			name = "[CP] Embed Pods Frameworks";
			outputPaths = (
			);
			runOnlyForDeploymentPostprocessing = 0;
			shellPath = /bin/sh;
			shellScript = "\"${SRCROOT}/Pods/Target Support Files/Pods-NewsAppPrototypeTests/Pods-NewsAppPrototypeTests-frameworks.sh\"\n";
			showEnvVarsInLog = 0;
		};
		554E1408BEEC0A5F46E944C9 /* [CP] Check Pods Manifest.lock */ = {
			isa = PBXShellScriptBuildPhase;
			buildActionMask = 2147483647;
			files = (
			);
			inputPaths = (
				"${PODS_PODFILE_DIR_PATH}/Podfile.lock",
				"${PODS_ROOT}/Manifest.lock",
			);
			name = "[CP] Check Pods Manifest.lock";
			outputPaths = (
				"$(DERIVED_FILE_DIR)/Pods-NewsAppPrototypeTests-checkManifestLockResult.txt",
			);
			runOnlyForDeploymentPostprocessing = 0;
			shellPath = /bin/sh;
			shellScript = "diff \"${PODS_PODFILE_DIR_PATH}/Podfile.lock\" \"${PODS_ROOT}/Manifest.lock\" > /dev/null\nif [ $? != 0 ] ; then\n    # print error to STDERR\n    echo \"error: The sandbox is not in sync with the Podfile.lock. Run 'pod install' or update your CocoaPods installation.\" >&2\n    exit 1\nfi\n# This output is used by Xcode 'outputs' to avoid re-running this script phase.\necho \"SUCCESS\" > \"${SCRIPT_OUTPUT_FILE_0}\"\n";
			showEnvVarsInLog = 0;
		};
		6B06B442E3A74AFAC9F6DE8B /* [CP] Copy Pods Resources */ = {
			isa = PBXShellScriptBuildPhase;
			buildActionMask = 2147483647;
			files = (
			);
			inputPaths = (
			);
			name = "[CP] Copy Pods Resources";
			outputPaths = (
			);
			runOnlyForDeploymentPostprocessing = 0;
			shellPath = /bin/sh;
			shellScript = "\"${SRCROOT}/Pods/Target Support Files/Pods-NewsAppPrototypeUITests/Pods-NewsAppPrototypeUITests-resources.sh\"\n";
			showEnvVarsInLog = 0;
		};
		E23E111F161C2E6B7348C4AD /* [CP] Copy Pods Resources */ = {
			isa = PBXShellScriptBuildPhase;
			buildActionMask = 2147483647;
			files = (
			);
			inputPaths = (
			);
			name = "[CP] Copy Pods Resources";
			outputPaths = (
			);
			runOnlyForDeploymentPostprocessing = 0;
			shellPath = /bin/sh;
			shellScript = "\"${SRCROOT}/Pods/Target Support Files/Pods-NewsAppPrototypeTests/Pods-NewsAppPrototypeTests-resources.sh\"\n";
			showEnvVarsInLog = 0;
		};
		E2CC82DE53DB41C494AC70D9 /* [CP] Copy Pods Resources */ = {
			isa = PBXShellScriptBuildPhase;
			buildActionMask = 2147483647;
			files = (
			);
			inputPaths = (
			);
			name = "[CP] Copy Pods Resources";
			outputPaths = (
			);
			runOnlyForDeploymentPostprocessing = 0;
			shellPath = /bin/sh;
			shellScript = "\"${SRCROOT}/Pods/Target Support Files/Pods-NewsAppPrototype/Pods-NewsAppPrototype-resources.sh\"\n";
			showEnvVarsInLog = 0;
		};
		E2F9C3F35ACCA16484FF0210 /* [CP] Check Pods Manifest.lock */ = {
			isa = PBXShellScriptBuildPhase;
			buildActionMask = 2147483647;
			files = (
			);
			inputPaths = (
				"${PODS_PODFILE_DIR_PATH}/Podfile.lock",
				"${PODS_ROOT}/Manifest.lock",
			);
			name = "[CP] Check Pods Manifest.lock";
			outputPaths = (
				"$(DERIVED_FILE_DIR)/Pods-NewsAppPrototypeUITests-checkManifestLockResult.txt",
			);
			runOnlyForDeploymentPostprocessing = 0;
			shellPath = /bin/sh;
			shellScript = "diff \"${PODS_PODFILE_DIR_PATH}/Podfile.lock\" \"${PODS_ROOT}/Manifest.lock\" > /dev/null\nif [ $? != 0 ] ; then\n    # print error to STDERR\n    echo \"error: The sandbox is not in sync with the Podfile.lock. Run 'pod install' or update your CocoaPods installation.\" >&2\n    exit 1\nfi\n# This output is used by Xcode 'outputs' to avoid re-running this script phase.\necho \"SUCCESS\" > \"${SCRIPT_OUTPUT_FILE_0}\"\n";
			showEnvVarsInLog = 0;
		};
/* End PBXShellScriptBuildPhase section */

/* Begin PBXSourcesBuildPhase section */
		1809852E204F07E000D78FA5 /* Sources */ = {
			isa = PBXSourcesBuildPhase;
			buildActionMask = 2147483647;
			files = (
				18098538204F07E000D78FA5 /* LogInController.swift in Sources */,
				1897EA482053F3B200B7C826 /* sportsTableViewController.swift in Sources */,
				1897EA4A2053FF1B00B7C826 /* EntertainmentTableViewController.swift in Sources */,
				18098536204F07E000D78FA5 /* AppDelegate.swift in Sources */,
				18737F0C20552A0F009DBA88 /* DisplayNewsViewController.swift in Sources */,
			);
			runOnlyForDeploymentPostprocessing = 0;
		};
		18098542204F07E000D78FA5 /* Sources */ = {
			isa = PBXSourcesBuildPhase;
			buildActionMask = 2147483647;
			files = (
				1809854B204F07E000D78FA5 /* NewsAppPrototypeTests.swift in Sources */,
			);
			runOnlyForDeploymentPostprocessing = 0;
		};
		1809854D204F07E000D78FA5 /* Sources */ = {
			isa = PBXSourcesBuildPhase;
			buildActionMask = 2147483647;
			files = (
				18098556204F07E100D78FA5 /* NewsAppPrototypeUITests.swift in Sources */,
			);
			runOnlyForDeploymentPostprocessing = 0;
		};
/* End PBXSourcesBuildPhase section */

/* Begin PBXTargetDependency section */
		18098548204F07E000D78FA5 /* PBXTargetDependency */ = {
			isa = PBXTargetDependency;
			target = 18098531204F07E000D78FA5 /* NewsAppPrototype */;
			targetProxy = 18098547204F07E000D78FA5 /* PBXContainerItemProxy */;
		};
		18098553204F07E000D78FA5 /* PBXTargetDependency */ = {
			isa = PBXTargetDependency;
			target = 18098531204F07E000D78FA5 /* NewsAppPrototype */;
			targetProxy = 18098552204F07E000D78FA5 /* PBXContainerItemProxy */;
		};
/* End PBXTargetDependency section */

/* Begin PBXVariantGroup section */
		18098539204F07E000D78FA5 /* Main.storyboard */ = {
			isa = PBXVariantGroup;
			children = (
				1809853A204F07E000D78FA5 /* Base */,
			);
			name = Main.storyboard;
			sourceTree = "<group>";
		};
		1809853E204F07E000D78FA5 /* LaunchScreen.storyboard */ = {
			isa = PBXVariantGroup;
			children = (
				1809853F204F07E000D78FA5 /* Base */,
			);
			name = LaunchScreen.storyboard;
			sourceTree = "<group>";
		};
/* End PBXVariantGroup section */

/* Begin XCBuildConfiguration section */
		18098558204F07E100D78FA5 /* Debug */ = {
			isa = XCBuildConfiguration;
			buildSettings = {
				ALWAYS_SEARCH_USER_PATHS = NO;
				CLANG_ANALYZER_NONNULL = YES;
				CLANG_ANALYZER_NUMBER_OBJECT_CONVERSION = YES_AGGRESSIVE;
				CLANG_CXX_LANGUAGE_STANDARD = "gnu++14";
				CLANG_CXX_LIBRARY = "libc++";
				CLANG_ENABLE_MODULES = YES;
				CLANG_ENABLE_OBJC_ARC = YES;
				CLANG_WARN_BLOCK_CAPTURE_AUTORELEASING = YES;
				CLANG_WARN_BOOL_CONVERSION = YES;
				CLANG_WARN_COMMA = YES;
				CLANG_WARN_CONSTANT_CONVERSION = YES;
				CLANG_WARN_DIRECT_OBJC_ISA_USAGE = YES_ERROR;
				CLANG_WARN_DOCUMENTATION_COMMENTS = YES;
				CLANG_WARN_EMPTY_BODY = YES;
				CLANG_WARN_ENUM_CONVERSION = YES;
				CLANG_WARN_INFINITE_RECURSION = YES;
				CLANG_WARN_INT_CONVERSION = YES;
				CLANG_WARN_NON_LITERAL_NULL_CONVERSION = YES;
				CLANG_WARN_OBJC_LITERAL_CONVERSION = YES;
				CLANG_WARN_OBJC_ROOT_CLASS = YES_ERROR;
				CLANG_WARN_RANGE_LOOP_ANALYSIS = YES;
				CLANG_WARN_STRICT_PROTOTYPES = YES;
				CLANG_WARN_SUSPICIOUS_MOVE = YES;
				CLANG_WARN_UNGUARDED_AVAILABILITY = YES_AGGRESSIVE;
				CLANG_WARN_UNREACHABLE_CODE = YES;
				CLANG_WARN__DUPLICATE_METHOD_MATCH = YES;
				CODE_SIGN_IDENTITY = "iPhone Developer";
				COPY_PHASE_STRIP = NO;
				DEBUG_INFORMATION_FORMAT = dwarf;
				ENABLE_STRICT_OBJC_MSGSEND = YES;
				ENABLE_TESTABILITY = YES;
				GCC_C_LANGUAGE_STANDARD = gnu11;
				GCC_DYNAMIC_NO_PIC = NO;
				GCC_NO_COMMON_BLOCKS = YES;
				GCC_OPTIMIZATION_LEVEL = 0;
				GCC_PREPROCESSOR_DEFINITIONS = (
					"DEBUG=1",
					"$(inherited)",
				);
				GCC_WARN_64_TO_32_BIT_CONVERSION = YES;
				GCC_WARN_ABOUT_RETURN_TYPE = YES_ERROR;
				GCC_WARN_UNDECLARED_SELECTOR = YES;
				GCC_WARN_UNINITIALIZED_AUTOS = YES_AGGRESSIVE;
				GCC_WARN_UNUSED_FUNCTION = YES;
				GCC_WARN_UNUSED_VARIABLE = YES;
				IPHONEOS_DEPLOYMENT_TARGET = 11.2;
				MTL_ENABLE_DEBUG_INFO = YES;
				ONLY_ACTIVE_ARCH = YES;
				SDKROOT = iphoneos;
				SWIFT_ACTIVE_COMPILATION_CONDITIONS = DEBUG;
				SWIFT_OPTIMIZATION_LEVEL = "-Onone";
			};
			name = Debug;
		};
		18098559204F07E100D78FA5 /* Release */ = {
			isa = XCBuildConfiguration;
			buildSettings = {
				ALWAYS_SEARCH_USER_PATHS = NO;
				CLANG_ANALYZER_NONNULL = YES;
				CLANG_ANALYZER_NUMBER_OBJECT_CONVERSION = YES_AGGRESSIVE;
				CLANG_CXX_LANGUAGE_STANDARD = "gnu++14";
				CLANG_CXX_LIBRARY = "libc++";
				CLANG_ENABLE_MODULES = YES;
				CLANG_ENABLE_OBJC_ARC = YES;
				CLANG_WARN_BLOCK_CAPTURE_AUTORELEASING = YES;
				CLANG_WARN_BOOL_CONVERSION = YES;
				CLANG_WARN_COMMA = YES;
				CLANG_WARN_CONSTANT_CONVERSION = YES;
				CLANG_WARN_DIRECT_OBJC_ISA_USAGE = YES_ERROR;
				CLANG_WARN_DOCUMENTATION_COMMENTS = YES;
				CLANG_WARN_EMPTY_BODY = YES;
				CLANG_WARN_ENUM_CONVERSION = YES;
				CLANG_WARN_INFINITE_RECURSION = YES;
				CLANG_WARN_INT_CONVERSION = YES;
				CLANG_WARN_NON_LITERAL_NULL_CONVERSION = YES;
				CLANG_WARN_OBJC_LITERAL_CONVERSION = YES;
				CLANG_WARN_OBJC_ROOT_CLASS = YES_ERROR;
				CLANG_WARN_RANGE_LOOP_ANALYSIS = YES;
				CLANG_WARN_STRICT_PROTOTYPES = YES;
				CLANG_WARN_SUSPICIOUS_MOVE = YES;
				CLANG_WARN_UNGUARDED_AVAILABILITY = YES_AGGRESSIVE;
				CLANG_WARN_UNREACHABLE_CODE = YES;
				CLANG_WARN__DUPLICATE_METHOD_MATCH = YES;
				CODE_SIGN_IDENTITY = "iPhone Developer";
				COPY_PHASE_STRIP = NO;
				DEBUG_INFORMATION_FORMAT = "dwarf-with-dsym";
				ENABLE_NS_ASSERTIONS = NO;
				ENABLE_STRICT_OBJC_MSGSEND = YES;
				GCC_C_LANGUAGE_STANDARD = gnu11;
				GCC_NO_COMMON_BLOCKS = YES;
				GCC_WARN_64_TO_32_BIT_CONVERSION = YES;
				GCC_WARN_ABOUT_RETURN_TYPE = YES_ERROR;
				GCC_WARN_UNDECLARED_SELECTOR = YES;
				GCC_WARN_UNINITIALIZED_AUTOS = YES_AGGRESSIVE;
				GCC_WARN_UNUSED_FUNCTION = YES;
				GCC_WARN_UNUSED_VARIABLE = YES;
				IPHONEOS_DEPLOYMENT_TARGET = 11.2;
				MTL_ENABLE_DEBUG_INFO = NO;
				SDKROOT = iphoneos;
				SWIFT_OPTIMIZATION_LEVEL = "-Owholemodule";
				VALIDATE_PRODUCT = YES;
			};
			name = Release;
		};
		1809855B204F07E100D78FA5 /* Debug */ = {
			isa = XCBuildConfiguration;
			baseConfigurationReference = 039CBA5A098E98D49E45164C /* Pods-NewsAppPrototype.debug.xcconfig */;
			buildSettings = {
				ASSETCATALOG_COMPILER_APPICON_NAME = AppIcon;
				CODE_SIGN_STYLE = Automatic;
				DEVELOPMENT_TEAM = KHNRFZ852H;
				INFOPLIST_FILE = NewsAppPrototype/Info.plist;
				LD_RUNPATH_SEARCH_PATHS = "$(inherited) @executable_path/Frameworks";
				PRODUCT_BUNDLE_IDENTIFIER = Sonkar.NewsAppPrototype;
				PRODUCT_NAME = "$(TARGET_NAME)";
				SWIFT_VERSION = 4.0;
				TARGETED_DEVICE_FAMILY = "1,2";
			};
			name = Debug;
		};
		1809855C204F07E100D78FA5 /* Release */ = {
			isa = XCBuildConfiguration;
			baseConfigurationReference = 7968DC92A45057A0CC27ADFB /* Pods-NewsAppPrototype.release.xcconfig */;
			buildSettings = {
				ASSETCATALOG_COMPILER_APPICON_NAME = AppIcon;
				CODE_SIGN_STYLE = Automatic;
				DEVELOPMENT_TEAM = KHNRFZ852H;
				INFOPLIST_FILE = NewsAppPrototype/Info.plist;
				LD_RUNPATH_SEARCH_PATHS = "$(inherited) @executable_path/Frameworks";
				PRODUCT_BUNDLE_IDENTIFIER = Sonkar.NewsAppPrototype;
				PRODUCT_NAME = "$(TARGET_NAME)";
				SWIFT_VERSION = 4.0;
				TARGETED_DEVICE_FAMILY = "1,2";
			};
			name = Release;
		};
		1809855E204F07E100D78FA5 /* Debug */ = {
			isa = XCBuildConfiguration;
			baseConfigurationReference = 8CA59CA215C1CF7931C029F4 /* Pods-NewsAppPrototypeTests.debug.xcconfig */;
			buildSettings = {
				ALWAYS_EMBED_SWIFT_STANDARD_LIBRARIES = YES;
				BUNDLE_LOADER = "$(TEST_HOST)";
				CODE_SIGN_STYLE = Automatic;
				DEVELOPMENT_TEAM = KHNRFZ852H;
				INFOPLIST_FILE = NewsAppPrototypeTests/Info.plist;
				LD_RUNPATH_SEARCH_PATHS = "$(inherited) @executable_path/Frameworks @loader_path/Frameworks";
				PRODUCT_BUNDLE_IDENTIFIER = Sonkar.NewsAppPrototypeTests;
				PRODUCT_NAME = "$(TARGET_NAME)";
				SWIFT_VERSION = 4.0;
				TARGETED_DEVICE_FAMILY = "1,2";
				TEST_HOST = "$(BUILT_PRODUCTS_DIR)/NewsAppPrototype.app/NewsAppPrototype";
			};
			name = Debug;
		};
		1809855F204F07E100D78FA5 /* Release */ = {
			isa = XCBuildConfiguration;
			baseConfigurationReference = 4D2CA3E65FD9FE989F1B5698 /* Pods-NewsAppPrototypeTests.release.xcconfig */;
			buildSettings = {
				ALWAYS_EMBED_SWIFT_STANDARD_LIBRARIES = YES;
				BUNDLE_LOADER = "$(TEST_HOST)";
				CODE_SIGN_STYLE = Automatic;
				DEVELOPMENT_TEAM = KHNRFZ852H;
				INFOPLIST_FILE = NewsAppPrototypeTests/Info.plist;
				LD_RUNPATH_SEARCH_PATHS = "$(inherited) @executable_path/Frameworks @loader_path/Frameworks";
				PRODUCT_BUNDLE_IDENTIFIER = Sonkar.NewsAppPrototypeTests;
				PRODUCT_NAME = "$(TARGET_NAME)";
				SWIFT_VERSION = 4.0;
				TARGETED_DEVICE_FAMILY = "1,2";
				TEST_HOST = "$(BUILT_PRODUCTS_DIR)/NewsAppPrototype.app/NewsAppPrototype";
			};
			name = Release;
		};
		18098561204F07E100D78FA5 /* Debug */ = {
			isa = XCBuildConfiguration;
			baseConfigurationReference = F3E534FA562B756A2FBB1057 /* Pods-NewsAppPrototypeUITests.debug.xcconfig */;
			buildSettings = {
				ALWAYS_EMBED_SWIFT_STANDARD_LIBRARIES = YES;
				CODE_SIGN_STYLE = Automatic;
				DEVELOPMENT_TEAM = KHNRFZ852H;
				INFOPLIST_FILE = NewsAppPrototypeUITests/Info.plist;
				LD_RUNPATH_SEARCH_PATHS = "$(inherited) @executable_path/Frameworks @loader_path/Frameworks";
				PRODUCT_BUNDLE_IDENTIFIER = Sonkar.NewsAppPrototypeUITests;
				PRODUCT_NAME = "$(TARGET_NAME)";
				SWIFT_VERSION = 4.0;
				TARGETED_DEVICE_FAMILY = "1,2";
				TEST_TARGET_NAME = NewsAppPrototype;
			};
			name = Debug;
		};
		18098562204F07E100D78FA5 /* Release */ = {
			isa = XCBuildConfiguration;
			baseConfigurationReference = CD7D11C4A8CFF1A8B29CD387 /* Pods-NewsAppPrototypeUITests.release.xcconfig */;
			buildSettings = {
				ALWAYS_EMBED_SWIFT_STANDARD_LIBRARIES = YES;
				CODE_SIGN_STYLE = Automatic;
				DEVELOPMENT_TEAM = KHNRFZ852H;
				INFOPLIST_FILE = NewsAppPrototypeUITests/Info.plist;
				LD_RUNPATH_SEARCH_PATHS = "$(inherited) @executable_path/Frameworks @loader_path/Frameworks";
				PRODUCT_BUNDLE_IDENTIFIER = Sonkar.NewsAppPrototypeUITests;
				PRODUCT_NAME = "$(TARGET_NAME)";
				SWIFT_VERSION = 4.0;
				TARGETED_DEVICE_FAMILY = "1,2";
				TEST_TARGET_NAME = NewsAppPrototype;
			};
			name = Release;
		};
/* End XCBuildConfiguration section */

/* Begin XCConfigurationList section */
		1809852D204F07E000D78FA5 /* Build configuration list for PBXProject "NewsAppPrototype" */ = {
			isa = XCConfigurationList;
			buildConfigurations = (
				18098558204F07E100D78FA5 /* Debug */,
				18098559204F07E100D78FA5 /* Release */,
			);
			defaultConfigurationIsVisible = 0;
			defaultConfigurationName = Release;
		};
		1809855A204F07E100D78FA5 /* Build configuration list for PBXNativeTarget "NewsAppPrototype" */ = {
			isa = XCConfigurationList;
			buildConfigurations = (
				1809855B204F07E100D78FA5 /* Debug */,
				1809855C204F07E100D78FA5 /* Release */,
			);
			defaultConfigurationIsVisible = 0;
			defaultConfigurationName = Release;
		};
		1809855D204F07E100D78FA5 /* Build configuration list for PBXNativeTarget "NewsAppPrototypeTests" */ = {
			isa = XCConfigurationList;
			buildConfigurations = (
				1809855E204F07E100D78FA5 /* Debug */,
				1809855F204F07E100D78FA5 /* Release */,
			);
			defaultConfigurationIsVisible = 0;
			defaultConfigurationName = Release;
		};
		18098560204F07E100D78FA5 /* Build configuration list for PBXNativeTarget "NewsAppPrototypeUITests" */ = {
			isa = XCConfigurationList;
			buildConfigurations = (
				18098561204F07E100D78FA5 /* Debug */,
				18098562204F07E100D78FA5 /* Release */,
			);
			defaultConfigurationIsVisible = 0;
			defaultConfigurationName = Release;
		};
/* End XCConfigurationList section */
	};
	rootObject = 1809852A204F07E000D78FA5 /* Project object */;
}
